<?xml version="1.0" encoding="utf-8"?>
<Project ToolsVersion="4.0" xmlns="http://schemas.microsoft.com/developer/msbuild/2003">
  <ItemGroup>
    <Filter Include="Main">
      <UniqueIdentifier>{fa804828-3eac-449c-8664-56f7ebbd7369}</UniqueIdentifier>
    </Filter>
    <Filter Include="Libraries">
      <UniqueIdentifier>{3e6ae3f8-47b2-4008-855c-02bb81c4df06}</UniqueIdentifier>
    </Filter>
    <Filter Include="Classes">
      <UniqueIdentifier>{db9ad9a5-c428-40c3-a2e9-4d6151c79451}</UniqueIdentifier>
    </Filter>
  </ItemGroup>
  <ItemGroup>
    <ClCompile Include="main.cpp">
      <Filter>Main</Filter>
    </ClCompile>
  </ItemGroup>
  <ItemGroup>
    <ClInclude Include="libs.h">
      <Filter>Libraries</Filter>
    </ClInclude>
    <ClInclude Include="classes.h">
      <Filter>Classes</Filter>
    </ClInclude>
  </ItemGroup>
</Project>